lockfileVersion: '9.0'

settings:
  autoInstallPeers: true
  excludeLinksFromLockfile: false

importers:

  .:
    dependencies:
      '@dfinity/agent':
        specifier: ^3.4.3
        version: 3.4.3(@dfinity/candid@3.4.3(@dfinity/principal@3.4.3))(@dfinity/principal@3.4.3)(@noble/hashes@1.8.0)
      '@dfinity/auth-client':
        specifier: ^3.4.3
        version: 3.4.3(@dfinity/agent@3.4.3(@dfinity/candid@3.4.3(@dfinity/principal@3.4.3))(@dfinity/principal@3.4.3)(@noble/hashes@1.8.0))(@dfinity/identity@3.4.3(@dfinity/agent@3.4.3(@dfinity/candid@3.4.3(@dfinity/principal@3.4.3))(@dfinity/principal@3.4.3)(@noble/hashes@1.8.0))(@dfinity/candid@3.4.3(@dfinity/principal@3.4.3))(@dfinity/principal@3.4.3)(@noble/curves@1.9.7)(@noble/hashes@1.8.0))(@dfinity/principal@3.4.3)
      '@dfinity/candid':
        specifier: ^3.4.3
        version: 3.4.3(@dfinity/principal@3.4.3)
      '@dfinity/identity':
        specifier: ^3.4.3
        version: 3.4.3(@dfinity/agent@3.4.3(@dfinity/candid@3.4.3(@dfinity/principal@3.4.3))(@dfinity/principal@3.4.3)(@noble/hashes@1.8.0))(@dfinity/candid@3.4.3(@dfinity/principal@3.4.3))(@dfinity/principal@3.4.3)(@noble/curves@1.9.7)(@noble/hashes@1.8.0)
      ic-use-actor:
        specifier: ^0.3.1
        version: 0.3.1(@dfinity/agent@3.4.3(@dfinity/candid@3.4.3(@dfinity/principal@3.4.3))(@dfinity/principal@3.4.3)(@noble/hashes@1.8.0))(@dfinity/candid@3.4.3(@dfinity/principal@3.4.3))(react@19.2.0)
      ic-use-internet-identity:
        specifier: ^0.6.2
        version: 0.6.2(@dfinity/agent@3.4.3(@dfinity/candid@3.4.3(@dfinity/principal@3.4.3))(@dfinity/principal@3.4.3)(@noble/hashes@1.8.0))(@dfinity/auth-client@3.4.3(@dfinity/agent@3.4.3(@dfinity/candid@3.4.3(@dfinity/principal@3.4.3))(@dfinity/principal@3.4.3)(@noble/hashes@1.8.0))(@dfinity/identity@3.4.3(@dfinity/agent@3.4.3(@dfinity/candid@3.4.3(@dfinity/principal@3.4.3))(@dfinity/principal@3.4.3)(@noble/hashes@1.8.0))(@dfinity/candid@3.4.3(@dfinity/principal@3.4.3))(@dfinity/principal@3.4.3)(@noble/curves@1.9.7)(@noble/hashes@1.8.0))(@dfinity/principal@3.4.3))(@dfinity/identity@3.4.3(@dfinity/agent@3.4.3(@dfinity/candid@3.4.3(@dfinity/principal@3.4.3))(@dfinity/principal@3.4.3)(@noble/hashes@1.8.0))(@dfinity/candid@3.4.3(@dfinity/principal@3.4.3))(@dfinity/principal@3.4.3)(@noble/curves@1.9.7)(@noble/hashes@1.8.0))(react@19.2.0)

packages:

  '@dfinity/agent@3.4.3':
    resolution: {integrity: sha512-qOJqvZdMzncbbYX3eUjlAqvP66DQuOQgBFQE06yzI3m/lVXnefxvY7wE9Y1Sb2wjVIQs6W2rfjixnn4EEjHAZg==}
    peerDependencies:
      '@dfinity/candid': 3.4.3
      '@dfinity/principal': 3.4.3
      '@noble/hashes': ^1.8.0

  '@dfinity/auth-client@3.4.3':
    resolution: {integrity: sha512-E2jIjlZa2eKFxdZWU8MbicfuX4fms0tJwBB8qDfm/OKn7q/h5NX02vGL3E6qiKvi9aOKNeQFQg+iUNulpKLjyw==}
    peerDependencies:
      '@dfinity/agent': 3.4.3
      '@dfinity/identity': 3.4.3
      '@dfinity/principal': 3.4.3

  '@dfinity/candid@3.4.3':
    resolution: {integrity: sha512-M2MuNariyCZHvxT0IXvMWmg8jvG19EORDveoFm7PCIVXLgYfWSy0P59t6tQ24D72yRGu40CRLm85aqpt3cRvxw==}
    peerDependencies:
      '@dfinity/principal': 3.4.3

  '@dfinity/cbor@0.2.2':
    resolution: {integrity: sha512-GPJpH73kDEKbUBdUjY80lz7cq9l0vm1h/7ppejPV6O0ZTqCLrYspssYvqjRmK4aNnJ/SKXsP0rg9LYX7zpegaA==}

  '@dfinity/identity@3.4.3':
    resolution: {integrity: sha512-mAsdmlaZPe7UkPL8AKNq7801pYve3LWnXQLOq39Nu+pzAUWRnZcKO3Ao+xouym5VnQnBwO68BnSSvQ044bEyTA==}
    peerDependencies:
      '@dfinity/agent': 3.4.3
      '@dfinity/candid': 3.4.3
      '@dfinity/principal': 3.4.3
      '@noble/curves': ^1.9.2
      '@noble/hashes': ^1.8.0

  '@dfinity/principal@3.4.3':
    resolution: {integrity: sha512-KTWIRqj/0clwsxcXnjgMVpnvxis6ji8vddRbBnYLsPjRFaVXHeBwVN1rziA1w3u7AtlP3kuovB4czd2F5ORxDw==}

  '@noble/curves@1.9.7':
    resolution: {integrity: sha512-gbKGcRUYIjA3/zCCNaWDciTMFI0dCkvou3TL8Zmy5Nc7sJ47a0jtOeZoTaMxkuqRo9cRhjOdZJXegxYE5FN/xw==}
    engines: {node: ^14.21.3 || >=16}

  '@noble/hashes@1.8.0':
    resolution: {integrity: sha512-jCs9ldd7NwzpgXDIf6P3+NrHh9/sD6CQdxHyjQI+h/6rDNo88ypBxxz45UDuZHz9r3tNz7N/VInSVoVdtXEI4A==}
    engines: {node: ^14.21.3 || >=16}

  '@xstate/store@3.12.0':
    resolution: {integrity: sha512-sAdSe6GcNu5SgxqXq3yDp3UM5koIj8BN2fQF+8Haen1kLK5NMQFGzsF9pEI1AIsFvzsHwNtMFfO6SW0PV1Ekbg==}
    peerDependencies:
      react: ^18.2.0 || ^19.0.0
      solid-js: ^1.7.6
    peerDependenciesMeta:
      react:
        optional: true
      solid-js:
        optional: true

  ic-use-actor@0.3.1:
    resolution: {integrity: sha512-rgKAchYCMlxtDPFWC3uhzquvG/2kbdnNXLX4gswcfO1fNk3jK10IEe4WBNxQl/Z0FxFKK3cEjcI/Q2muUH3wpQ==}
    peerDependencies:
      '@dfinity/agent': ^3
      '@dfinity/candid': ^3
      react: '>=18.0.0'

  ic-use-internet-identity@0.6.2:
    resolution: {integrity: sha512-SAyxLkE3k1zh5dU73VjAIJN7cfuNl2j0nXubOUlotM8whx6g5Ig7TGgwDLxp9pqiHXbjtlHSxg/gBMP5Ur7hKA==}
    peerDependencies:
      '@dfinity/agent': ^3
      '@dfinity/auth-client': ^3
      '@dfinity/identity': ^3
      react: '>=18.0.0'

  idb@7.1.1:
    resolution: {integrity: sha512-gchesWBzyvGHRO9W8tzUWFDycow5gwjvFKfyV9FF32Y7F50yZMp7mP+T2mJIWFx49zicqyC4uefHM17o6xKIVQ==}

  react@19.2.0:
    resolution: {integrity: sha512-tmbWg6W31tQLeB5cdIBOicJDJRR2KzXsV7uSK9iNfLWQ5bIZfxuPEHp7M8wiHyHnn0DD1i7w3Zmin0FtkrwoCQ==}
    engines: {node: '>=0.10.0'}

snapshots:

  '@dfinity/agent@3.4.3(@dfinity/candid@3.4.3(@dfinity/principal@3.4.3))(@dfinity/principal@3.4.3)(@noble/hashes@1.8.0)':
    dependencies:
      '@dfinity/candid': 3.4.3(@dfinity/principal@3.4.3)
      '@dfinity/cbor': 0.2.2
      '@dfinity/principal': 3.4.3
      '@noble/curves': 1.9.7
      '@noble/hashes': 1.8.0

  '@dfinity/auth-client@3.4.3(@dfinity/agent@3.4.3(@dfinity/candid@3.4.3(@dfinity/principal@3.4.3))(@dfinity/principal@3.4.3)(@noble/hashes@1.8.0))(@dfinity/identity@3.4.3(@dfinity/agent@3.4.3(@dfinity/candid@3.4.3(@dfinity/principal@3.4.3))(@dfinity/principal@3.4.3)(@noble/hashes@1.8.0))(@dfinity/candid@3.4.3(@dfinity/principal@3.4.3))(@dfinity/principal@3.4.3)(@noble/curves@1.9.7)(@noble/hashes@1.8.0))(@dfinity/principal@3.4.3)':
    dependencies:
      '@dfinity/agent': 3.4.3(@dfinity/candid@3.4.3(@dfinity/principal@3.4.3))(@dfinity/principal@3.4.3)(@noble/hashes@1.8.0)
      '@dfinity/identity': 3.4.3(@dfinity/agent@3.4.3(@dfinity/candid@3.4.3(@dfinity/principal@3.4.3))(@dfinity/principal@3.4.3)(@noble/hashes@1.8.0))(@dfinity/candid@3.4.3(@dfinity/principal@3.4.3))(@dfinity/principal@3.4.3)(@noble/curves@1.9.7)(@noble/hashes@1.8.0)
      '@dfinity/principal': 3.4.3
      idb: 7.1.1

  '@dfinity/candid@3.4.3(@dfinity/principal@3.4.3)':
    dependencies:
      '@dfinity/principal': 3.4.3

  '@dfinity/cbor@0.2.2': {}

  '@dfinity/identity@3.4.3(@dfinity/agent@3.4.3(@dfinity/candid@3.4.3(@dfinity/principal@3.4.3))(@dfinity/principal@3.4.3)(@noble/hashes@1.8.0))(@dfinity/candid@3.4.3(@dfinity/principal@3.4.3))(@dfinity/principal@3.4.3)(@noble/curves@1.9.7)(@noble/hashes@1.8.0)':
    dependencies:
      '@dfinity/agent': 3.4.3(@dfinity/candid@3.4.3(@dfinity/principal@3.4.3))(@dfinity/principal@3.4.3)(@noble/hashes@1.8.0)
      '@dfinity/candid': 3.4.3(@dfinity/principal@3.4.3)
      '@dfinity/principal': 3.4.3
      '@noble/curves': 1.9.7
      '@noble/hashes': 1.8.0

  '@dfinity/principal@3.4.3':
    dependencies:
      '@noble/hashes': 1.8.0

  '@noble/curves@1.9.7':
    dependencies:
      '@noble/hashes': 1.8.0

  '@noble/hashes@1.8.0': {}

  '@xstate/store@3.12.0(react@19.2.0)':
    optionalDependencies:
      react: 19.2.0

  ic-use-actor@0.3.1(@dfinity/agent@3.4.3(@dfinity/candid@3.4.3(@dfinity/principal@3.4.3))(@dfinity/principal@3.4.3)(@noble/hashes@1.8.0))(@dfinity/candid@3.4.3(@dfinity/principal@3.4.3))(react@19.2.0):
    dependencies:
      '@dfinity/agent': 3.4.3(@dfinity/candid@3.4.3(@dfinity/principal@3.4.3))(@dfinity/principal@3.4.3)(@noble/hashes@1.8.0)
      '@dfinity/candid': 3.4.3(@dfinity/principal@3.4.3)
      '@xstate/store': 3.12.0(react@19.2.0)
      react: 19.2.0
    transitivePeerDependencies:
      - solid-js

  ic-use-internet-identity@0.6.2(@dfinity/agent@3.4.3(@dfinity/candid@3.4.3(@dfinity/principal@3.4.3))(@dfinity/principal@3.4.3)(@noble/hashes@1.8.0))(@dfinity/auth-client@3.4.3(@dfinity/agent@3.4.3(@dfinity/candid@3.4.3(@dfinity/principal@3.4.3))(@dfinity/principal@3.4.3)(@noble/hashes@1.8.0))(@dfinity/identity@3.4.3(@dfinity/agent@3.4.3(@dfinity/candid@3.4.3(@dfinity/principal@3.4.3))(@dfinity/principal@3.4.3)(@noble/hashes@1.8.0))(@dfinity/candid@3.4.3(@dfinity/principal@3.4.3))(@dfinity/principal@3.4.3)(@noble/curves@1.9.7)(@noble/hashes@1.8.0))(@dfinity/principal@3.4.3))(@dfinity/identity@3.4.3(@dfinity/agent@3.4.3(@dfinity/candid@3.4.3(@dfinity/principal@3.4.3))(@dfinity/principal@3.4.3)(@noble/hashes@1.8.0))(@dfinity/candid@3.4.3(@dfinity/principal@3.4.3))(@dfinity/principal@3.4.3)(@noble/curves@1.9.7)(@noble/hashes@1.8.0))(react@19.2.0):
    dependencies:
      '@dfinity/agent': 3.4.3(@dfinity/candid@3.4.3(@dfinity/principal@3.4.3))(@dfinity/principal@3.4.3)(@noble/hashes@1.8.0)
      '@dfinity/auth-client': 3.4.3(@dfinity/agent@3.4.3(@dfinity/candid@3.4.3(@dfinity/principal@3.4.3))(@dfinity/principal@3.4.3)(@noble/hashes@1.8.0))(@dfinity/identity@3.4.3(@dfinity/agent@3.4.3(@dfinity/candid@3.4.3(@dfinity/principal@3.4.3))(@dfinity/principal@3.4.3)(@noble/hashes@1.8.0))(@dfinity/candid@3.4.3(@dfinity/principal@3.4.3))(@dfinity/principal@3.4.3)(@noble/curves@1.9.7)(@noble/hashes@1.8.0))(@dfinity/principal@3.4.3)
      '@dfinity/identity': 3.4.3(@dfinity/agent@3.4.3(@dfinity/candid@3.4.3(@dfinity/principal@3.4.3))(@dfinity/principal@3.4.3)(@noble/hashes@1.8.0))(@dfinity/candid@3.4.3(@dfinity/principal@3.4.3))(@dfinity/principal@3.4.3)(@noble/curves@1.9.7)(@noble/hashes@1.8.0)
      '@xstate/store': 3.12.0(react@19.2.0)
      react: 19.2.0
    transitivePeerDependencies:
      - solid-js

  idb@7.1.1: {}

  react@19.2.0: {}
